
Microsoft Visual Studio Solution File, Format Version 12.00
# Visual Studio 15
VisualStudioVersion = 15.0.27130.2027
MinimumVisualStudioVersion = 10.0.40219.1
Project("{9A19103F-16F7-4668-BE54-9A1E7A4F7556}") = "NotTriviaCrack", "NotTriviaCrack\NotTriviaCrack.csproj", "{08BEE5A0-B971-46A2-8740-19B10313FC51}"
EndProject
Project("{9A19103F-16F7-4668-BE54-9A1E7A4F7556}") = "AppCore", "AppCore\AppCore.csproj", "{2E197FB6-A42A-42B3-8A2B-9764BD2C75E2}"
EndProject
Project("{9A19103F-16F7-4668-BE54-9A1E7A4F7556}") = "Infrastructure", "Infrastructure\Infrastructure.csproj", "{DBFBE6D6-4D30-4F86-856C-71C501BFF392}"
EndProject
Global
	GlobalSection(SolutionConfigurationPlatforms) = preSolution
		Debug|Any CPU = Debug|Any CPU
		Release|Any CPU = Release|Any CPU
	EndGlobalSection
	GlobalSection(ProjectConfigurationPlatforms) = postSolution
		{08BEE5A0-B971-46A2-8740-19B10313FC51}.Debug|Any CPU.ActiveCfg = Debug|Any CPU
		{08BEE5A0-B971-46A2-8740-19B10313FC51}.Debug|Any CPU.Build.0 = Debug|Any CPU
		{08BEE5A0-B971-46A2-8740-19B10313FC51}.Release|Any CPU.ActiveCfg = Release|Any CPU
		{08BEE5A0-B971-46A2-8740-19B10313FC51}.Release|Any CPU.Build.0 = Release|Any CPU
		{2E197FB6-A42A-42B3-8A2B-9764BD2C75E2}.Debug|Any CPU.ActiveCfg = Debug|Any CPU
		{2E197FB6-A42A-42B3-8A2B-9764BD2C75E2}.Debug|Any CPU.Build.0 = Debug|Any CPU
		{2E197FB6-A42A-42B3-8A2B-9764BD2C75E2}.Release|Any CPU.ActiveCfg = Release|Any CPU
		{2E197FB6-A42A-42B3-8A2B-9764BD2C75E2}.Release|Any CPU.Build.0 = Release|Any CPU
		{DBFBE6D6-4D30-4F86-856C-71C501BFF392}.Debug|Any CPU.ActiveCfg = Debug|Any CPU
		{DBFBE6D6-4D30-4F86-856C-71C501BFF392}.Debug|Any CPU.Build.0 = Debug|Any CPU
		{DBFBE6D6-4D30-4F86-856C-71C501BFF392}.Release|Any CPU.ActiveCfg = Release|Any CPU
		{DBFBE6D6-4D30-4F86-856C-71C501BFF392}.Release|Any CPU.Build.0 = Release|Any CPU
	EndGlobalSection
	GlobalSection(SolutionProperties) = preSolution
		HideSolutionNode = FALSE
	EndGlobalSection
	GlobalSection(ExtensibilityGlobals) = postSolution
		SolutionGuid = {570931BB-191E-4182-99EE-D325E8CA7765}
	EndGlobalSection
EndGlobal
